
Microsoft Visual Studio Solution File, Format Version 12.00
# Visual Studio Version 17
VisualStudioVersion = 17.4.33205.214
MinimumVisualStudioVersion = 10.0.40219.1
Project("{8BC9CEB8-8B4A-11D0-8D11-00A0C91BC942}") = "08 结构体", "08 结构体\08 结构体.vcxproj", "{2918EE2A-CD85-42F3-8AFC-C4D9D349D941}"
EndProject
Global
	GlobalSection(SolutionConfigurationPlatforms) = preSolution
		Debug|x64 = Debug|x64
		Debug|x86 = Debug|x86
		Release|x64 = Release|x64
		Release|x86 = Release|x86
	EndGlobalSection
	GlobalSection(ProjectConfigurationPlatforms) = postSolution
		{2918EE2A-CD85-42F3-8AFC-C4D9D349D941}.Debug|x64.ActiveCfg = Debug|x64
		{2918EE2A-CD85-42F3-8AFC-C4D9D349D941}.Debug|x64.Build.0 = Debug|x64
		{2918EE2A-CD85-42F3-8AFC-C4D9D349D941}.Debug|x86.ActiveCfg = Debug|Win32
		{2918EE2A-CD85-42F3-8AFC-C4D9D349D941}.Debug|x86.Build.0 = Debug|Win32
		{2918EE2A-CD85-42F3-8AFC-C4D9D349D941}.Release|x64.ActiveCfg = Release|x64
		{2918EE2A-CD85-42F3-8AFC-C4D9D349D941}.Release|x64.Build.0 = Release|x64
		{2918EE2A-CD85-42F3-8AFC-C4D9D349D941}.Release|x86.ActiveCfg = Release|Win32
		{2918EE2A-CD85-42F3-8AFC-C4D9D349D941}.Release|x86.Build.0 = Release|Win32
	EndGlobalSection
	GlobalSection(SolutionProperties) = preSolution
		HideSolutionNode = FALSE
	EndGlobalSection
	GlobalSection(ExtensibilityGlobals) = postSolution
		SolutionGuid = {36F0E2E4-7840-43D7-ACFB-E89883C55C0D}
	EndGlobalSection
EndGlobal
